
Microsoft Visual Studio Solution File, Format Version 12.00
# Visual Studio Version 16
VisualStudioVersion = 16.0.30204.135
MinimumVisualStudioVersion = 10.0.40219.1
Project("{9A19103F-16F7-4668-BE54-9A1E7A4F7556}") = "Store.Presentation", "Store.Presentation\Store.Presentation.csproj", "{A9CBE6D0-2BBB-40E1-9A86-F60D9D969625}"
EndProject
Project("{9A19103F-16F7-4668-BE54-9A1E7A4F7556}") = "Store.Application", "Store.Application\Store.Application.csproj", "{80733477-2CE6-48F5-95E9-FFA7548B15E4}"
EndProject
Project("{9A19103F-16F7-4668-BE54-9A1E7A4F7556}") = "Store.Infrastructure", "Store.Infrastructure\Store.Infrastructure.csproj", "{A9DD97B5-5C3D-4B35-9A5E-64A18E9AB9F8}"
EndProject
Project("{9A19103F-16F7-4668-BE54-9A1E7A4F7556}") = "Store.Domain", "Store.Domain\Store.Domain.csproj", "{6B5D375C-936D-4847-80F3-0A6198DE44AC}"
EndProject
Project("{9A19103F-16F7-4668-BE54-9A1E7A4F7556}") = "Store.Persistance", "Store.Persistance\Store.Persistance.csproj", "{DB76DAA8-A25E-4875-9D58-CF7D9BBCED39}"
EndProject
Project("{00D1A9C2-B5F0-4AF3-8072-F6C62B433612}") = "Srore.DatabaseSchema", "Srore.DatabaseSchema\Srore.DatabaseSchema.sqlproj", "{9E199313-B445-4111-8BFB-CC16FF90069B}"
EndProject
Global
	GlobalSection(SolutionConfigurationPlatforms) = preSolution
		Debug|Any CPU = Debug|Any CPU
		Release|Any CPU = Release|Any CPU
	EndGlobalSection
	GlobalSection(ProjectConfigurationPlatforms) = postSolution
		{A9CBE6D0-2BBB-40E1-9A86-F60D9D969625}.Debug|Any CPU.ActiveCfg = Debug|Any CPU
		{A9CBE6D0-2BBB-40E1-9A86-F60D9D969625}.Debug|Any CPU.Build.0 = Debug|Any CPU
		{A9CBE6D0-2BBB-40E1-9A86-F60D9D969625}.Release|Any CPU.ActiveCfg = Release|Any CPU
		{A9CBE6D0-2BBB-40E1-9A86-F60D9D969625}.Release|Any CPU.Build.0 = Release|Any CPU
		{80733477-2CE6-48F5-95E9-FFA7548B15E4}.Debug|Any CPU.ActiveCfg = Debug|Any CPU
		{80733477-2CE6-48F5-95E9-FFA7548B15E4}.Debug|Any CPU.Build.0 = Debug|Any CPU
		{80733477-2CE6-48F5-95E9-FFA7548B15E4}.Release|Any CPU.ActiveCfg = Release|Any CPU
		{80733477-2CE6-48F5-95E9-FFA7548B15E4}.Release|Any CPU.Build.0 = Release|Any CPU
		{A9DD97B5-5C3D-4B35-9A5E-64A18E9AB9F8}.Debug|Any CPU.ActiveCfg = Debug|Any CPU
		{A9DD97B5-5C3D-4B35-9A5E-64A18E9AB9F8}.Debug|Any CPU.Build.0 = Debug|Any CPU
		{A9DD97B5-5C3D-4B35-9A5E-64A18E9AB9F8}.Release|Any CPU.ActiveCfg = Release|Any CPU
		{A9DD97B5-5C3D-4B35-9A5E-64A18E9AB9F8}.Release|Any CPU.Build.0 = Release|Any CPU
		{6B5D375C-936D-4847-80F3-0A6198DE44AC}.Debug|Any CPU.ActiveCfg = Debug|Any CPU
		{6B5D375C-936D-4847-80F3-0A6198DE44AC}.Debug|Any CPU.Build.0 = Debug|Any CPU
		{6B5D375C-936D-4847-80F3-0A6198DE44AC}.Release|Any CPU.ActiveCfg = Release|Any CPU
		{6B5D375C-936D-4847-80F3-0A6198DE44AC}.Release|Any CPU.Build.0 = Release|Any CPU
		{DB76DAA8-A25E-4875-9D58-CF7D9BBCED39}.Debug|Any CPU.ActiveCfg = Debug|Any CPU
		{DB76DAA8-A25E-4875-9D58-CF7D9BBCED39}.Debug|Any CPU.Build.0 = Debug|Any CPU
		{DB76DAA8-A25E-4875-9D58-CF7D9BBCED39}.Release|Any CPU.ActiveCfg = Release|Any CPU
		{DB76DAA8-A25E-4875-9D58-CF7D9BBCED39}.Release|Any CPU.Build.0 = Release|Any CPU
		{9E199313-B445-4111-8BFB-CC16FF90069B}.Debug|Any CPU.ActiveCfg = Debug|Any CPU
		{9E199313-B445-4111-8BFB-CC16FF90069B}.Debug|Any CPU.Build.0 = Debug|Any CPU
		{9E199313-B445-4111-8BFB-CC16FF90069B}.Debug|Any CPU.Deploy.0 = Debug|Any CPU
		{9E199313-B445-4111-8BFB-CC16FF90069B}.Release|Any CPU.ActiveCfg = Release|Any CPU
		{9E199313-B445-4111-8BFB-CC16FF90069B}.Release|Any CPU.Build.0 = Release|Any CPU
		{9E199313-B445-4111-8BFB-CC16FF90069B}.Release|Any CPU.Deploy.0 = Release|Any CPU
	EndGlobalSection
	GlobalSection(SolutionProperties) = preSolution
		HideSolutionNode = FALSE
	EndGlobalSection
	GlobalSection(ExtensibilityGlobals) = postSolution
		SolutionGuid = {5207470E-B561-47EF-B837-DB8EED0CDA12}
	EndGlobalSection
EndGlobal
